
Microsoft Visual Studio Solution File, Format Version 12.00
# Visual Studio Version 17
VisualStudioVersion = 17.13.35825.156 d17.13
MinimumVisualStudioVersion = 10.0.40219.1
Project("{2150E333-8FDC-42A3-9474-1A3956D46DE8}") = "src", "src", "{02EA681E-C7D8-13C7-8484-4AC65E1B71E8}"
EndProject
Project("{FAE04EC0-301F-11D3-BF4B-00C04F79EFBC}") = "SalesAPI", "src\SalesAPI\SalesAPI.csproj", "{A1422AC9-45F0-4396-B516-DFE437FEA0BD}"
EndProject
Global
	GlobalSection(SolutionConfigurationPlatforms) = preSolution
		Debug|Any CPU = Debug|Any CPU
		Release|Any CPU = Release|Any CPU
	EndGlobalSection
	GlobalSection(ProjectConfigurationPlatforms) = postSolution
		{A1422AC9-45F0-4396-B516-DFE437FEA0BD}.Debug|Any CPU.ActiveCfg = Debug|Any CPU
		{A1422AC9-45F0-4396-B516-DFE437FEA0BD}.Debug|Any CPU.Build.0 = Debug|Any CPU
		{A1422AC9-45F0-4396-B516-DFE437FEA0BD}.Release|Any CPU.ActiveCfg = Release|Any CPU
		{A1422AC9-45F0-4396-B516-DFE437FEA0BD}.Release|Any CPU.Build.0 = Release|Any CPU
	EndGlobalSection
	GlobalSection(SolutionProperties) = preSolution
		HideSolutionNode = FALSE
	EndGlobalSection
	GlobalSection(NestedProjects) = preSolution
		{A1422AC9-45F0-4396-B516-DFE437FEA0BD} = {02EA681E-C7D8-13C7-8484-4AC65E1B71E8}
	EndGlobalSection
	GlobalSection(ExtensibilityGlobals) = postSolution
		SolutionGuid = {A086B0C6-5A73-4620-8DCE-3A50653EA3DF}
	EndGlobalSection
EndGlobal
